// !$*UTF8*$!
{
	archiveVersion = 1;
	classes = {
	};
	objectVersion = 46;
	objects = {

/* Begin PBXBuildFile section */
		4B6A098E1E6FA51900735273 /* AppDelegate.swift in Sources */ = {isa = PBXBuildFile; fileRef = 4B6A098D1E6FA51900735273 /* AppDelegate.swift */; };
		4B6A09901E6FA51900735273 /* WeatherVC.swift in Sources */ = {isa = PBXBuildFile; fileRef = 4B6A098F1E6FA51900735273 /* WeatherVC.swift */; };
		4B6A09931E6FA51900735273 /* Main.storyboard in Resources */ = {isa = PBXBuildFile; fileRef = 4B6A09911E6FA51900735273 /* Main.storyboard */; };
		4B6A09951E6FA51900735273 /* Assets.xcassets in Resources */ = {isa = PBXBuildFile; fileRef = 4B6A09941E6FA51900735273 /* Assets.xcassets */; };
		4B6A09981E6FA51900735273 /* LaunchScreen.storyboard in Resources */ = {isa = PBXBuildFile; fileRef = 4B6A09961E6FA51900735273 /* LaunchScreen.storyboard */; };
		4BF3CE651E7002DE009BD658 /* Constants.swift in Sources */ = {isa = PBXBuildFile; fileRef = 4BF3CE641E7002DE009BD658 /* Constants.swift */; };
		4BF3CE671E7005D1009BD658 /* CurrentWeather.swift in Sources */ = {isa = PBXBuildFile; fileRef = 4BF3CE661E7005D1009BD658 /* CurrentWeather.swift */; };
		FC805B2277874083F578F9DA /* Pods_rainyShiny.framework in Frameworks */ = {isa = PBXBuildFile; fileRef = B413788382DF4107E966C88E /* Pods_rainyShiny.framework */; };
/* End PBXBuildFile section */

/* Begin PBXFileReference section */
		4B6A098A1E6FA51900735273 /* rainyShiny.app */ = {isa = PBXFileReference; explicitFileType = wrapper.application; includeInIndex = 0; path = rainyShiny.app; sourceTree = BUILT_PRODUCTS_DIR; };
		4B6A098D1E6FA51900735273 /* AppDelegate.swift */ = {isa = PBXFileReference; lastKnownFileType = sourcecode.swift; path = AppDelegate.swift; sourceTree = "<group>"; };
		4B6A098F1E6FA51900735273 /* WeatherVC.swift */ = {isa = PBXFileReference; lastKnownFileType = sourcecode.swift; path = WeatherVC.swift; sourceTree = "<group>"; };
		4B6A09921E6FA51900735273 /* Base */ = {isa = PBXFileReference; lastKnownFileType = file.storyboard; name = Base; path = Base.lproj/Main.storyboard; sourceTree = "<group>"; };
		4B6A09941E6FA51900735273 /* Assets.xcassets */ = {isa = PBXFileReference; lastKnownFileType = folder.assetcatalog; path = Assets.xcassets; sourceTree = "<group>"; };
		4B6A09971E6FA51900735273 /* Base */ = {isa = PBXFileReference; lastKnownFileType = file.storyboard; name = Base; path = Base.lproj/LaunchScreen.storyboard; sourceTree = "<group>"; };
		4B6A09991E6FA51900735273 /* Info.plist */ = {isa = PBXFileReference; lastKnownFileType = text.plist.xml; path = Info.plist; sourceTree = "<group>"; };
		4BF3CE641E7002DE009BD658 /* Constants.swift */ = {isa = PBXFileReference; fileEncoding = 4; lastKnownFileType = sourcecode.swift; path = Constants.swift; sourceTree = "<group>"; };
		4BF3CE661E7005D1009BD658 /* CurrentWeather.swift */ = {isa = PBXFileReference; fileEncoding = 4; lastKnownFileType = sourcecode.swift; path = CurrentWeather.swift; sourceTree = "<group>"; };
		B413788382DF4107E966C88E /* Pods_rainyShiny.framework */ = {isa = PBXFileReference; explicitFileType = wrapper.framework; includeInIndex = 0; path = Pods_rainyShiny.framework; sourceTree = BUILT_PRODUCTS_DIR; };
		C09729A15059EB17F9F25E79 /* Pods-rainyShiny.release.xcconfig */ = {isa = PBXFileReference; includeInIndex = 1; lastKnownFileType = text.xcconfig; name = "Pods-rainyShiny.release.xcconfig"; path = "Pods/Target Support Files/Pods-rainyShiny/Pods-rainyShiny.release.xcconfig"; sourceTree = "<group>"; };
		DB22AC3290EA010D6F9A1380 /* Pods-rainyShiny.debug.xcconfig */ = {isa = PBXFileReference; includeInIndex = 1; lastKnownFileType = text.xcconfig; name = "Pods-rainyShiny.debug.xcconfig"; path = "Pods/Target Support Files/Pods-rainyShiny/Pods-rainyShiny.debug.xcconfig"; sourceTree = "<group>"; };
/* End PBXFileReference section */

/* Begin PBXFrameworksBuildPhase section */
		4B6A09871E6FA51900735273 /* Frameworks */ = {
			isa = PBXFrameworksBuildPhase;
			buildActionMask = 2147483647;
			files = (
				FC805B2277874083F578F9DA /* Pods_rainyShiny.framework in Frameworks */,
			);
			runOnlyForDeploymentPostprocessing = 0;
		};
/* End PBXFrameworksBuildPhase section */

/* Begin PBXGroup section */
		2BCACF7A0C3EFF4182368F35 /* Pods */ = {
			isa = PBXGroup;
			children = (
				DB22AC3290EA010D6F9A1380 /* Pods-rainyShiny.debug.xcconfig */,
				C09729A15059EB17F9F25E79 /* Pods-rainyShiny.release.xcconfig */,
			);
			name = Pods;
			sourceTree = "<group>";
		};
		3961E33B5C1CA456A57A9BF9 /* Frameworks */ = {
			isa = PBXGroup;
			children = (
				B413788382DF4107E966C88E /* Pods_rainyShiny.framework */,
			);
			name = Frameworks;
			sourceTree = "<group>";
		};
		4B6A09811E6FA51900735273 = {
			isa = PBXGroup;
			children = (
				4B6A098C1E6FA51900735273 /* rainyShiny */,
				4B6A098B1E6FA51900735273 /* Products */,
				2BCACF7A0C3EFF4182368F35 /* Pods */,
				3961E33B5C1CA456A57A9BF9 /* Frameworks */,
			);
			sourceTree = "<group>";
		};
		4B6A098B1E6FA51900735273 /* Products */ = {
			isa = PBXGroup;
			children = (
				4B6A098A1E6FA51900735273 /* rainyShiny.app */,
			);
			name = Products;
			sourceTree = "<group>";
		};
		4B6A098C1E6FA51900735273 /* rainyShiny */ = {
			isa = PBXGroup;
			children = (
				4B6A098D1E6FA51900735273 /* AppDelegate.swift */,
				4B6A098F1E6FA51900735273 /* WeatherVC.swift */,
				4B6A09911E6FA51900735273 /* Main.storyboard */,
				4B6A09941E6FA51900735273 /* Assets.xcassets */,
				4B6A09961E6FA51900735273 /* LaunchScreen.storyboard */,
				4B6A09991E6FA51900735273 /* Info.plist */,
				4BF3CE641E7002DE009BD658 /* Constants.swift */,
				4BF3CE661E7005D1009BD658 /* CurrentWeather.swift */,
			);
			path = rainyShiny;
			sourceTree = "<group>";
		};
/* End PBXGroup section */

/* Begin PBXNativeTarget section */
		4B6A09891E6FA51900735273 /* rainyShiny */ = {
			isa = PBXNativeTarget;
			buildConfigurationList = 4B6A099C1E6FA51900735273 /* Build configuration list for PBXNativeTarget "rainyShiny" */;
			buildPhases = (
				1DDFEEFF497F332CA9C5A4FE /* [CP] Check Pods Manifest.lock */,
				4B6A09861E6FA51900735273 /* Sources */,
				4B6A09871E6FA51900735273 /* Frameworks */,
				4B6A09881E6FA51900735273 /* Resources */,
				5729DAEFD27F5DF0DB92DFB5 /* [CP] Embed Pods Frameworks */,
				D445E93D321C3E698CDC6B57 /* [CP] Copy Pods Resources */,
			);
			buildRules = (
			);
			dependencies = (
			);
			name = rainyShiny;
			productName = rainyShiny;
			productReference = 4B6A098A1E6FA51900735273 /* rainyShiny.app */;
			productType = "com.apple.product-type.application";
		};
/* End PBXNativeTarget section */

/* Begin PBXProject section */
		4B6A09821E6FA51900735273 /* Project object */ = {
			isa = PBXProject;
			attributes = {
				LastSwiftUpdateCheck = 0820;
				LastUpgradeCheck = 0820;
				ORGANIZATIONNAME = oatThanut;
				TargetAttributes = {
					4B6A09891E6FA51900735273 = {
						CreatedOnToolsVersion = 8.2.1;
						ProvisioningStyle = Automatic;
					};
				};
			};
			buildConfigurationList = 4B6A09851E6FA51900735273 /* Build configuration list for PBXProject "rainyShiny" */;
			compatibilityVersion = "Xcode 3.2";
			developmentRegion = English;
			hasScannedForEncodings = 0;
			knownRegions = (
				en,
				Base,
			);
			mainGroup = 4B6A09811E6FA51900735273;
			productRefGroup = 4B6A098B1E6FA51900735273 /* Products */;
			projectDirPath = "";
			projectRoot = "";
			targets = (
				4B6A09891E6FA51900735273 /* rainyShiny */,
			);
		};
/* End PBXProject section */

/* Begin PBXResourcesBuildPhase section */
		4B6A09881E6FA51900735273 /* Resources */ = {
			isa = PBXResourcesBuildPhase;
			buildActionMask = 2147483647;
			files = (
				4B6A09981E6FA51900735273 /* LaunchScreen.storyboard in Resources */,
				4B6A09951E6FA51900735273 /* Assets.xcassets in Resources */,
				4B6A09931E6FA51900735273 /* Main.storyboard in Resources */,
			);
			runOnlyForDeploymentPostprocessing = 0;
		};
/* End PBXResourcesBuildPhase section */

/* Begin PBXShellScriptBuildPhase section */
		1DDFEEFF497F332CA9C5A4FE /* [CP] Check Pods Manifest.lock */ = {
			isa = PBXShellScriptBuildPhase;
			buildActionMask = 2147483647;
			files = (
			);
			inputPaths = (
			);
			name = "[CP] Check Pods Manifest.lock";
			outputPaths = (
			);
			runOnlyForDeploymentPostprocessing = 0;
			shellPath = /bin/sh;
			shellScript = "diff \"${PODS_ROOT}/../Podfile.lock\" \"${PODS_ROOT}/Manifest.lock\" > /dev/null\nif [ $? != 0 ] ; then\n    # print error to STDERR\n    echo \"error: The sandbox is not in sync with the Podfile.lock. Run 'pod install' or update your CocoaPods installation.\" >&2\n    exit 1\nfi\n";
			showEnvVarsInLog = 0;
		};
		5729DAEFD27F5DF0DB92DFB5 /* [CP] Embed Pods Frameworks */ = {
			isa = PBXShellScriptBuildPhase;
			buildActionMask = 2147483647;
			files = (
			);
			inputPaths = (
			);
			name = "[CP] Embed Pods Frameworks";
			outputPaths = (
			);
			runOnlyForDeploymentPostprocessing = 0;
			shellPath = /bin/sh;
			shellScript = "\"${SRCROOT}/Pods/Target Support Files/Pods-rainyShiny/Pods-rainyShiny-frameworks.sh\"\n";
			showEnvVarsInLog = 0;
		};
		D445E93D321C3E698CDC6B57 /* [CP] Copy Pods Resources */ = {
			isa = PBXShellScriptBuildPhase;
			buildActionMask = 2147483647;
			files = (
			);
			inputPaths = (
			);
			name = "[CP] Copy Pods Resources";
			outputPaths = (
			);
			runOnlyForDeploymentPostprocessing = 0;
			shellPath = /bin/sh;
			shellScript = "\"${SRCROOT}/Pods/Target Support Files/Pods-rainyShiny/Pods-rainyShiny-resources.sh\"\n";
			showEnvVarsInLog = 0;
		};
/* End PBXShellScriptBuildPhase section */

/* Begin PBXSourcesBuildPhase section */
		4B6A09861E6FA51900735273 /* Sources */ = {
			isa = PBXSourcesBuildPhase;
			buildActionMask = 2147483647;
			files = (
				4B6A09901E6FA51900735273 /* WeatherVC.swift in Sources */,
				4B6A098E1E6FA51900735273 /* AppDelegate.swift in Sources */,
				4BF3CE671E7005D1009BD658 /* CurrentWeather.swift in Sources */,
				4BF3CE651E7002DE009BD658 /* Constants.swift in Sources */,
			);
			runOnlyForDeploymentPostprocessing = 0;
		};
/* End PBXSourcesBuildPhase section */

/* Begin PBXVariantGroup section */
		4B6A09911E6FA51900735273 /* Main.storyboard */ = {
			isa = PBXVariantGroup;
			children = (
				4B6A09921E6FA51900735273 /* Base */,
			);
			name = Main.storyboard;
			sourceTree = "<group>";
		};
		4B6A09961E6FA51900735273 /* LaunchScreen.storyboard */ = {
			isa = PBXVariantGroup;
			children = (
				4B6A09971E6FA51900735273 /* Base */,
			);
			name = LaunchScreen.storyboard;
			sourceTree = "<group>";
		};
/* End PBXVariantGroup section */

/* Begin XCBuildConfiguration section */
		4B6A099A1E6FA51900735273 /* Debug */ = {
			isa = XCBuildConfiguration;
			buildSettings = {
				ALWAYS_SEARCH_USER_PATHS = NO;
				CLANG_ANALYZER_NONNULL = YES;
				CLANG_CXX_LANGUAGE_STANDARD = "gnu++0x";
				CLANG_CXX_LIBRARY = "libc++";
				CLANG_ENABLE_MODULES = YES;
				CLANG_ENABLE_OBJC_ARC = YES;
				CLANG_WARN_BOOL_CONVERSION = YES;
				CLANG_WARN_CONSTANT_CONVERSION = YES;
				CLANG_WARN_DIRECT_OBJC_ISA_USAGE = YES_ERROR;
				CLANG_WARN_DOCUMENTATION_COMMENTS = YES;
				CLANG_WARN_EMPTY_BODY = YES;
				CLANG_WARN_ENUM_CONVERSION = YES;
				CLANG_WARN_INFINITE_RECURSION = YES;
				CLANG_WARN_INT_CONVERSION = YES;
				CLANG_WARN_OBJC_ROOT_CLASS = YES_ERROR;
				CLANG_WARN_SUSPICIOUS_MOVE = YES;
				CLANG_WARN_UNREACHABLE_CODE = YES;
				CLANG_WARN__DUPLICATE_METHOD_MATCH = YES;
				"CODE_SIGN_IDENTITY[sdk=iphoneos*]" = "iPhone Developer";
				COPY_PHASE_STRIP = NO;
				DEBUG_INFORMATION_FORMAT = dwarf;
				ENABLE_STRICT_OBJC_MSGSEND = YES;
				ENABLE_TESTABILITY = YES;
				GCC_C_LANGUAGE_STANDARD = gnu99;
				GCC_DYNAMIC_NO_PIC = NO;
				GCC_NO_COMMON_BLOCKS = YES;
				GCC_OPTIMIZATION_LEVEL = 0;
				GCC_PREPROCESSOR_DEFINITIONS = (
					"DEBUG=1",
					"$(inherited)",
				);
				GCC_WARN_64_TO_32_BIT_CONVERSION = YES;
				GCC_WARN_ABOUT_RETURN_TYPE = YES_ERROR;
				GCC_WARN_UNDECLARED_SELECTOR = YES;
				GCC_WARN_UNINITIALIZED_AUTOS = YES_AGGRESSIVE;
				GCC_WARN_UNUSED_FUNCTION = YES;
				GCC_WARN_UNUSED_VARIABLE = YES;
				IPHONEOS_DEPLOYMENT_TARGET = 10.2;
				MTL_ENABLE_DEBUG_INFO = YES;
				ONLY_ACTIVE_ARCH = YES;
				SDKROOT = iphoneos;
				SWIFT_ACTIVE_COMPILATION_CONDITIONS = DEBUG;
				SWIFT_OPTIMIZATION_LEVEL = "-Onone";
				TARGETED_DEVICE_FAMILY = "1,2";
			};
			name = Debug;
		};
		4B6A099B1E6FA51900735273 /* Release */ = {
			isa = XCBuildConfiguration;
			buildSettings = {
				ALWAYS_SEARCH_USER_PATHS = NO;
				CLANG_ANALYZER_NONNULL = YES;
				CLANG_CXX_LANGUAGE_STANDARD = "gnu++0x";
				CLANG_CXX_LIBRARY = "libc++";
				CLANG_ENABLE_MODULES = YES;
				CLANG_ENABLE_OBJC_ARC = YES;
				CLANG_WARN_BOOL_CONVERSION = YES;
				CLANG_WARN_CONSTANT_CONVERSION = YES;
				CLANG_WARN_DIRECT_OBJC_ISA_USAGE = YES_ERROR;
				CLANG_WARN_DOCUMENTATION_COMMENTS = YES;
				CLANG_WARN_EMPTY_BODY = YES;
				CLANG_WARN_ENUM_CONVERSION = YES;
				CLANG_WARN_INFINITE_RECURSION = YES;
				CLANG_WARN_INT_CONVERSION = YES;
				CLANG_WARN_OBJC_ROOT_CLASS = YES_ERROR;
				CLANG_WARN_SUSPICIOUS_MOVE = YES;
				CLANG_WARN_UNREACHABLE_CODE = YES;
				CLANG_WARN__DUPLICATE_METHOD_MATCH = YES;
				"CODE_SIGN_IDENTITY[sdk=iphoneos*]" = "iPhone Developer";
				COPY_PHASE_STRIP = NO;
				DEBUG_INFORMATION_FORMAT = "dwarf-with-dsym";
				ENABLE_NS_ASSERTIONS = NO;
				ENABLE_STRICT_OBJC_MSGSEND = YES;
				GCC_C_LANGUAGE_STANDARD = gnu99;
				GCC_NO_COMMON_BLOCKS = YES;
				GCC_WARN_64_TO_32_BIT_CONVERSION = YES;
				GCC_WARN_ABOUT_RETURN_TYPE = YES_ERROR;
				GCC_WARN_UNDECLARED_SELECTOR = YES;
				GCC_WARN_UNINITIALIZED_AUTOS = YES_AGGRESSIVE;
				GCC_WARN_UNUSED_FUNCTION = YES;
				GCC_WARN_UNUSED_VARIABLE = YES;
				IPHONEOS_DEPLOYMENT_TARGET = 10.2;
				MTL_ENABLE_DEBUG_INFO = NO;
				SDKROOT = iphoneos;
				SWIFT_OPTIMIZATION_LEVEL = "-Owholemodule";
				TARGETED_DEVICE_FAMILY = "1,2";
				VALIDATE_PRODUCT = YES;
			};
			name = Release;
		};
		4B6A099D1E6FA51900735273 /* Debug */ = {
			isa = XCBuildConfiguration;
			baseConfigurationReference = DB22AC3290EA010D6F9A1380 /* Pods-rainyShiny.debug.xcconfig */;
			buildSettings = {
				ASSETCATALOG_COMPILER_APPICON_NAME = AppIcon;
				INFOPLIST_FILE = rainyShiny/Info.plist;
				LD_RUNPATH_SEARCH_PATHS = "$(inherited) @executable_path/Frameworks";
				PRODUCT_BUNDLE_IDENTIFIER = oatSKE13.rainyShiny;
				PRODUCT_NAME = "$(TARGET_NAME)";
				SWIFT_VERSION = 3.0;
				TARGETED_DEVICE_FAMILY = 1;
			};
			name = Debug;
		};
		4B6A099E1E6FA51900735273 /* Release */ = {
			isa = XCBuildConfiguration;
			baseConfigurationReference = C09729A15059EB17F9F25E79 /* Pods-rainyShiny.release.xcconfig */;
			buildSettings = {
				ASSETCATALOG_COMPILER_APPICON_NAME = AppIcon;
				INFOPLIST_FILE = rainyShiny/Info.plist;
				LD_RUNPATH_SEARCH_PATHS = "$(inherited) @executable_path/Frameworks";
				PRODUCT_BUNDLE_IDENTIFIER = oatSKE13.rainyShiny;
				PRODUCT_NAME = "$(TARGET_NAME)";
				SWIFT_VERSION = 3.0;
				TARGETED_DEVICE_FAMILY = 1;
			};
			name = Release;
		};
/* End XCBuildConfiguration section */

/* Begin XCConfigurationList section */
		4B6A09851E6FA51900735273 /* Build configuration list for PBXProject "rainyShiny" */ = {
			isa = XCConfigurationList;
			buildConfigurations = (
				4B6A099A1E6FA51900735273 /* Debug */,
				4B6A099B1E6FA51900735273 /* Release */,
			);
			defaultConfigurationIsVisible = 0;
			defaultConfigurationName = Release;
		};
		4B6A099C1E6FA51900735273 /* Build configuration list for PBXNativeTarget "rainyShiny" */ = {
			isa = XCConfigurationList;
			buildConfigurations = (
				4B6A099D1E6FA51900735273 /* Debug */,
				4B6A099E1E6FA51900735273 /* Release */,
			);
			defaultConfigurationIsVisible = 0;
			defaultConfigurationName = Release;
		};
/* End XCConfigurationList section */
	};
	rootObject = 4B6A09821E6FA51900735273 /* Project object */;
}
